{
  "nodes": {
    "nixpkgs": {
      "locked": {
        "lastModified": 1731797254,
        "narHash": "sha256-df3dJApLPhd11AlueuoN0Q4fHo/hagP75LlM5K1sz9g=",
        "owner": "NixOS",
        "repo": "nixpkgs",
        "rev": "e8c38b73aeb218e27163376a2d617e61a2ad9b59",
        "type": "github"
      },
      "original": {
        "owner": "NixOS",
        "ref": "nixos-24.05",
        "repo": "nixpkgs",
        "type": "github"
      }
    },
    "root": {
      "inputs": {
        "nixpkgs": "nixpkgs",
        "staticSite": "staticSite"
      }
    },
    "staticSite": {
      "locked": {
        "lastModified": 1732293391,
        "narHash": "sha256-pcVtmh5R5gYFoO8qhMrY0LCKSAHNzM3O8Oq2TrdT6Ps=",
        "owner": "MartV0",
        "repo": "personal-site",
        "rev": "a7dfe07c551445395a4caaf635347b2c491dabbf",
        "type": "github"
      },
      "original": {
        "owner": "MartV0",
        "repo": "personal-site",
        "type": "github"
      }
    }
  },
  "root": "root",
  "version": 7
}
