{
  "nodes": {
    "nixpkgs": {
      "locked": {
        "lastModified": 1731386116,
        "narHash": "sha256-lKA770aUmjPHdTaJWnP3yQ9OI1TigenUqVC3wweqZuI=",
        "owner": "NixOS",
        "repo": "nixpkgs",
        "rev": "689fed12a013f56d4c4d3f612489634267d86529",
        "type": "github"
      },
      "original": {
        "owner": "NixOS",
        "ref": "nixos-24.05",
        "repo": "nixpkgs",
        "type": "github"
      }
    },
    "root": {
      "inputs": {
        "nixpkgs": "nixpkgs",
        "staticSite": "staticSite"
      }
    },
    "staticSite": {
      "locked": {
        "lastModified": 1731690170,
        "narHash": "sha256-y6uXPhKyWu2aXcxKzLcgxrpLGpm1u/vqQmPl3dXERaY=",
        "owner": "MartV0",
        "repo": "personal-site",
        "rev": "01ec2d7cc2c73415e4f8bb982e9c595530a8ce37",
        "type": "github"
      },
      "original": {
        "owner": "MartV0",
        "repo": "personal-site",
        "type": "github"
      }
    }
  },
  "root": "root",
  "version": 7
}
